<?xml version="1.0" encoding="utf-8"?>
<Project ToolsVersion="4.0" xmlns="http://schemas.microsoft.com/developer/msbuild/2003">
  <ItemGroup>
    <Filter Include="Source Files">
      <UniqueIdentifier>{4FC737F1-C7A5-4376-A066-2A32D752A2FF}</UniqueIdentifier>
      <Extensions>cpp;c;cc;cxx;def;odl;idl;hpj;bat;asm;asmx</Extensions>
    </Filter>
    <Filter Include="Header Files">
      <UniqueIdentifier>{93995380-89BD-4b04-88EB-625FBE52EBFB}</UniqueIdentifier>
      <Extensions>h;hpp;hxx;hm;inl;inc;xsd</Extensions>
    </Filter>
    <Filter Include="Resource Files">
      <UniqueIdentifier>{67DA6AB6-F800-4c08-8B7A-83BB121AAD01}</UniqueIdentifier>
      <Extensions>rc;ico;cur;bmp;dlg;rc2;rct;bin;rgs;gif;jpg;jpeg;jpe;resx;tiff;tif;png;wav;mfcribbon-ms</Extensions>
    </Filter>
    <Filter Include="BoolDualization">
      <UniqueIdentifier>{74ddd074-4d62-406c-abd5-7a8096fd7cd3}</UniqueIdentifier>
    </Filter>
    <Filter Include="PosetDualization">
      <UniqueIdentifier>{8ddd1ab6-e665-4228-8312-0d730e0e29f1}</UniqueIdentifier>
    </Filter>
  </ItemGroup>
  <ItemGroup>
    <Text Include="ReadMe.txt" />
  </ItemGroup>
  <ItemGroup>
    <ClInclude Include="stdafx.h" />
    <ClInclude Include="targetver.h" />
    <ClInclude Include="MIGRAS.h">
      <Filter>PosetDualization</Filter>
    </ClInclude>
    <ClInclude Include="IPoset.h">
      <Filter>PosetDualization</Filter>
    </ClInclude>
    <ClInclude Include="GraphPoset.h">
      <Filter>PosetDualization</Filter>
    </ClInclude>
    <ClInclude Include="NumberChain.h">
      <Filter>PosetDualization</Filter>
    </ClInclude>
    <ClInclude Include="PosetBase.h">
      <Filter>PosetDualization</Filter>
    </ClInclude>
    <ClInclude Include="PosetsDualizationTask.h">
      <Filter>PosetDualization</Filter>
    </ClInclude>
    <ClInclude Include="IntervalLattice.h">
      <Filter>PosetDualization</Filter>
    </ClInclude>
    <ClInclude Include="ISolver.h" />
    <ClInclude Include="AOT1.h">
      <Filter>BoolDualization</Filter>
    </ClInclude>
    <ClInclude Include="Counters.h">
      <Filter>BoolDualization</Filter>
    </ClInclude>
    <ClInclude Include="CoverCollector.h">
      <Filter>BoolDualization</Filter>
    </ClInclude>
    <ClInclude Include="DualizationBacktrackAlgorithmBase.h">
      <Filter>BoolDualization</Filter>
    </ClInclude>
    <ClInclude Include="FileWriters.h">
      <Filter>BoolDualization</Filter>
    </ClInclude>
    <ClInclude Include="MostCoverCollector.h">
      <Filter>BoolDualization</Filter>
    </ClInclude>
    <ClInclude Include="Pruning.h">
      <Filter>BoolDualization</Filter>
    </ClInclude>
    <ClInclude Include="PUNC.h">
      <Filter>BoolDualization</Filter>
    </ClInclude>
    <ClInclude Include="RUNC.h">
      <Filter>BoolDualization</Filter>
    </ClInclude>
    <ClInclude Include="RuncFixed.h">
      <Filter>BoolDualization</Filter>
    </ClInclude>
    <ClInclude Include="WeightBoundsPruning.h">
      <Filter>BoolDualization</Filter>
    </ClInclude>
    <ClInclude Include="WeightedCover.h">
      <Filter>BoolDualization</Filter>
    </ClInclude>
    <ClInclude Include="Weighters.h">
      <Filter>BoolDualization</Filter>
    </ClInclude>
    <ClInclude Include="BoolMatrixPreparation.h">
      <Filter>BoolDualization</Filter>
    </ClInclude>
    <ClInclude Include="GeneticDualizer.h">
      <Filter>BoolDualization</Filter>
    </ClInclude>
    <ClInclude Include="DualizationCounters.h" />
    <ClInclude Include="Solver.h">
      <Filter>PosetDualization</Filter>
    </ClInclude>
    <ClInclude Include="SubsetsPoset.h">
      <Filter>PosetDualization</Filter>
    </ClInclude>
    <ClInclude Include="ReversedPoset.h">
      <Filter>PosetDualization</Filter>
    </ClInclude>
    <ClInclude Include="PosetItem.h">
      <Filter>PosetDualization</Filter>
    </ClInclude>
    <ClInclude Include="PosetsDualizationNode.h">
      <Filter>PosetDualization</Filter>
    </ClInclude>
    <ClInclude Include="Callbacks.h">
      <Filter>PosetDualization</Filter>
    </ClInclude>
    <ClInclude Include="PosetsProduct.h">
      <Filter>PosetDualization</Filter>
    </ClInclude>
    <ClInclude Include="FrequentInfrequentEnumerator.h">
      <Filter>PosetDualization</Filter>
    </ClInclude>
    <ClInclude Include="PosetItemsMatrix.h">
      <Filter>PosetDualization</Filter>
    </ClInclude>
    <ClInclude Include="FrequentInfrequentTask.h">
      <Filter>PosetDualization</Filter>
    </ClInclude>
    <ClInclude Include="JYPDualizer.h">
      <Filter>BoolDualization</Filter>
    </ClInclude>
  </ItemGroup>
  <ItemGroup>
    <ClCompile Include="stdafx.cpp" />
    <ClCompile Include="NumberChain.cpp">
      <Filter>PosetDualization</Filter>
    </ClCompile>
    <ClCompile Include="GraphPoset.cpp">
      <Filter>PosetDualization</Filter>
    </ClCompile>
    <ClCompile Include="MIGRAS.cpp">
      <Filter>PosetDualization</Filter>
    </ClCompile>
    <ClCompile Include="PosetBase.cpp">
      <Filter>PosetDualization</Filter>
    </ClCompile>
    <ClCompile Include="PosetsDualizationTask.cpp">
      <Filter>PosetDualization</Filter>
    </ClCompile>
    <ClCompile Include="IntervalLattice.cpp">
      <Filter>PosetDualization</Filter>
    </ClCompile>
    <ClCompile Include="IPoset.cpp">
      <Filter>PosetDualization</Filter>
    </ClCompile>
    <ClCompile Include="AOT1.cpp">
      <Filter>BoolDualization</Filter>
    </ClCompile>
    <ClCompile Include="CoverCollector.cpp">
      <Filter>BoolDualization</Filter>
    </ClCompile>
    <ClCompile Include="DualizationBacktrackAlgorithmBase.cpp">
      <Filter>BoolDualization</Filter>
    </ClCompile>
    <ClCompile Include="FileWriters.cpp">
      <Filter>BoolDualization</Filter>
    </ClCompile>
    <ClCompile Include="MostCoverCollector.cpp">
      <Filter>BoolDualization</Filter>
    </ClCompile>
    <ClCompile Include="Pruning.cpp">
      <Filter>BoolDualization</Filter>
    </ClCompile>
    <ClCompile Include="PUNC.cpp">
      <Filter>BoolDualization</Filter>
    </ClCompile>
    <ClCompile Include="Runc.cpp">
      <Filter>BoolDualization</Filter>
    </ClCompile>
    <ClCompile Include="RuncFixed.cpp">
      <Filter>BoolDualization</Filter>
    </ClCompile>
    <ClCompile Include="WeightBoundsPruning.cpp">
      <Filter>BoolDualization</Filter>
    </ClCompile>
    <ClCompile Include="Weighters.cpp">
      <Filter>BoolDualization</Filter>
    </ClCompile>
    <ClCompile Include="BoolMatrixPreparation.cpp">
      <Filter>BoolDualization</Filter>
    </ClCompile>
    <ClCompile Include="GeneticDualizer.cpp">
      <Filter>BoolDualization</Filter>
    </ClCompile>
    <ClCompile Include="DualizationCounters.cpp" />
    <ClCompile Include="Solver.cpp">
      <Filter>PosetDualization</Filter>
    </ClCompile>
    <ClCompile Include="ReversedPoset.cpp">
      <Filter>PosetDualization</Filter>
    </ClCompile>
    <ClCompile Include="PosetItem.cpp">
      <Filter>PosetDualization</Filter>
    </ClCompile>
    <ClCompile Include="SubsetsPoset.cpp">
      <Filter>PosetDualization</Filter>
    </ClCompile>
    <ClCompile Include="PosetsDualizationNode.cpp">
      <Filter>PosetDualization</Filter>
    </ClCompile>
    <ClCompile Include="Callbacks.cpp">
      <Filter>PosetDualization</Filter>
    </ClCompile>
    <ClCompile Include="PosetsProduct.cpp">
      <Filter>PosetDualization</Filter>
    </ClCompile>
    <ClCompile Include="FrequentInfrequentEnumerator.cpp">
      <Filter>PosetDualization</Filter>
    </ClCompile>
    <ClCompile Include="PosetItemsMatrix.cpp">
      <Filter>PosetDualization</Filter>
    </ClCompile>
    <ClCompile Include="FrequentInfrequentTask.cpp">
      <Filter>PosetDualization</Filter>
    </ClCompile>
  </ItemGroup>
</Project>