<?xml version="1.0" encoding="utf-8"?>
<Project ToolsVersion="4.0" xmlns="http://schemas.microsoft.com/developer/msbuild/2003">
  <ItemGroup>
    <Filter Include="Source Files">
      <UniqueIdentifier>{4FC737F1-C7A5-4376-A066-2A32D752A2FF}</UniqueIdentifier>
      <Extensions>cpp;c;cc;cxx;def;odl;idl;hpj;bat;asm;asmx</Extensions>
    </Filter>
    <Filter Include="Header Files">
      <UniqueIdentifier>{93995380-89BD-4b04-88EB-625FBE52EBFB}</UniqueIdentifier>
      <Extensions>h;hpp;hxx;hm;inl;inc;xsd</Extensions>
    </Filter>
    <Filter Include="Resource Files">
      <UniqueIdentifier>{67DA6AB6-F800-4c08-8B7A-83BB121AAD01}</UniqueIdentifier>
      <Extensions>rc;ico;cur;bmp;dlg;rc2;rct;bin;rgs;gif;jpg;jpeg;jpe;resx;tiff;tif;png;wav;mfcribbon-ms</Extensions>
    </Filter>
    <Filter Include="ECmp">
      <UniqueIdentifier>{6946b0d7-9254-4b9e-af2e-efc66595cff0}</UniqueIdentifier>
    </Filter>
    <Filter Include="EC">
      <UniqueIdentifier>{ebdd5d03-b617-4e09-ac2f-7b47e73b07e0}</UniqueIdentifier>
    </Filter>
    <Filter Include="Dataset">
      <UniqueIdentifier>{cde10dc6-9140-4ac9-b306-bb0fe09e6833}</UniqueIdentifier>
    </Filter>
    <Filter Include="FT">
      <UniqueIdentifier>{04c73238-ab9a-40e4-80fb-45eacb5731a3}</UniqueIdentifier>
    </Filter>
    <Filter Include="FeatureSelection">
      <UniqueIdentifier>{6baef923-0ed7-47c1-b9d0-d139eaad95cb}</UniqueIdentifier>
    </Filter>
    <Filter Include="BinaryClassifiers">
      <UniqueIdentifier>{88d5ff4b-3b2a-4a5f-96c3-8195f78fcfe4}</UniqueIdentifier>
    </Filter>
    <Filter Include="Classifiers">
      <UniqueIdentifier>{9737eb1f-8ad8-464d-b630-9d10433bf468}</UniqueIdentifier>
    </Filter>
    <Filter Include="CmpMatrix">
      <UniqueIdentifier>{f79ea204-734b-4c45-bdab-e46528de5375}</UniqueIdentifier>
    </Filter>
  </ItemGroup>
  <ItemGroup>
    <Text Include="ReadMe.txt" />
  </ItemGroup>
  <ItemGroup>
    <ClInclude Include="stdafx.h">
      <Filter>Header Files</Filter>
    </ClInclude>
    <ClInclude Include="targetver.h">
      <Filter>Header Files</Filter>
    </ClInclude>
    <ClInclude Include="ECmp.h">
      <Filter>ECmp</Filter>
    </ClInclude>
    <ClInclude Include="EC.h">
      <Filter>EC</Filter>
    </ClInclude>
    <ClInclude Include="ECVoting.h">
      <Filter>EC</Filter>
    </ClInclude>
    <ClInclude Include="ECVotingLearner.h">
      <Filter>EC</Filter>
    </ClInclude>
    <ClInclude Include="Dataset.h">
      <Filter>Dataset</Filter>
    </ClInclude>
    <ClInclude Include="ObjectsClass.h">
      <Filter>Dataset</Filter>
    </ClInclude>
    <ClInclude Include="Object.h">
      <Filter>Dataset</Filter>
    </ClInclude>
    <ClInclude Include="Predictions.h">
      <Filter>Dataset</Filter>
    </ClInclude>
    <ClInclude Include="FeatureValue.h">
      <Filter>Dataset</Filter>
    </ClInclude>
    <ClInclude Include="AlgorithmEstimator.h">
      <Filter>Dataset</Filter>
    </ClInclude>
    <ClInclude Include="Interfaces.h">
      <Filter>Dataset</Filter>
    </ClInclude>
    <ClInclude Include="InformativityCondition.h">
      <Filter>Dataset</Filter>
    </ClInclude>
    <ClInclude Include="BinaryClassifierBoolAdaptor.h">
      <Filter>BinaryClassifiers</Filter>
    </ClInclude>
    <ClInclude Include="BinaryClassifierNormalizer.h">
      <Filter>BinaryClassifiers</Filter>
    </ClInclude>
    <ClInclude Include="BinaryClassifierVoter.h">
      <Filter>Classifiers</Filter>
    </ClInclude>
    <ClInclude Include="BoostingLearner.h">
      <Filter>Classifiers</Filter>
    </ClInclude>
    <ClInclude Include="MultiByBinaryLearner.h">
      <Filter>Classifiers</Filter>
    </ClInclude>
    <ClInclude Include="FTVoting.h">
      <Filter>FT</Filter>
    </ClInclude>
    <ClInclude Include="FTVotingLearner.h">
      <Filter>FT</Filter>
    </ClInclude>
    <ClInclude Include="ECmpVoting.h">
      <Filter>ECmp</Filter>
    </ClInclude>
    <ClInclude Include="CmpMatrix.h">
      <Filter>CmpMatrix</Filter>
    </ClInclude>
    <ClInclude Include="FTFeatureSelector.h">
      <Filter>FeatureSelection</Filter>
    </ClInclude>
    <ClInclude Include="ECmpByRankFeatureSelector.h">
      <Filter>FeatureSelection</Filter>
    </ClInclude>
    <ClInclude Include="PSVotingLearner.h">
      <Filter>EC</Filter>
    </ClInclude>
    <ClInclude Include="Comparers.h">
      <Filter>CmpMatrix</Filter>
    </ClInclude>
    <ClInclude Include="FitMatrix.h">
      <Filter>CmpMatrix</Filter>
    </ClInclude>
    <ClInclude Include="CmpFitMatrixBuilder.h">
      <Filter>CmpMatrix</Filter>
    </ClInclude>
    <ClInclude Include="CoverMatrix.h">
      <Filter>CmpMatrix</Filter>
    </ClInclude>
    <ClInclude Include="FeatureSelectorBase.h">
      <Filter>FeatureSelection</Filter>
    </ClInclude>
    <ClInclude Include="LazyFeatureSelector.h">
      <Filter>FeatureSelection</Filter>
    </ClInclude>
    <ClInclude Include="BinaryClassifierAdaptor.h">
      <Filter>BinaryClassifiers</Filter>
    </ClInclude>
    <ClInclude Include="BinaryLearnerAdaptor.h">
      <Filter>BinaryClassifiers</Filter>
    </ClInclude>
    <ClInclude Include="InitECFeatureSelector.h">
      <Filter>FeatureSelection</Filter>
    </ClInclude>
    <ClInclude Include="BinaryECFeatureSelector.h">
      <Filter>FeatureSelection</Filter>
    </ClInclude>
    <ClInclude Include="ClassFeatureSelector.h">
      <Filter>FeatureSelection</Filter>
    </ClInclude>
  </ItemGroup>
  <ItemGroup>
    <ClCompile Include="stdafx.cpp">
      <Filter>Source Files</Filter>
    </ClCompile>
    <ClCompile Include="ECVoting.cpp">
      <Filter>EC</Filter>
    </ClCompile>
    <ClCompile Include="ECVotingLearner.cpp">
      <Filter>EC</Filter>
    </ClCompile>
    <ClCompile Include="Object.cpp">
      <Filter>Dataset</Filter>
    </ClCompile>
    <ClCompile Include="Dataset.cpp">
      <Filter>Dataset</Filter>
    </ClCompile>
    <ClCompile Include="FeatureValue.cpp">
      <Filter>Dataset</Filter>
    </ClCompile>
    <ClCompile Include="AlgorithmEstimator.cpp">
      <Filter>Dataset</Filter>
    </ClCompile>
    <ClCompile Include="BoostingLearner.cpp">
      <Filter>Classifiers</Filter>
    </ClCompile>
    <ClCompile Include="MultiByBinaryLearner.cpp">
      <Filter>Classifiers</Filter>
    </ClCompile>
    <ClCompile Include="FTVoting.cpp">
      <Filter>FT</Filter>
    </ClCompile>
    <ClCompile Include="FTVotingLearner.cpp">
      <Filter>FT</Filter>
    </ClCompile>
    <ClCompile Include="ECmpVoting.cpp">
      <Filter>ECmp</Filter>
    </ClCompile>
    <ClCompile Include="ObjectsClass.cpp">
      <Filter>Dataset</Filter>
    </ClCompile>
    <ClCompile Include="FTFeatureSelector.cpp">
      <Filter>FeatureSelection</Filter>
    </ClCompile>
    <ClCompile Include="CmpMatrix.cpp">
      <Filter>CmpMatrix</Filter>
    </ClCompile>
    <ClCompile Include="ECmpByRankFeatureSelector.cpp">
      <Filter>FeatureSelection</Filter>
    </ClCompile>
    <ClCompile Include="PSVotingLearner.cpp">
      <Filter>EC</Filter>
    </ClCompile>
    <ClCompile Include="BinaryClassifierNormalizer.cpp">
      <Filter>BinaryClassifiers</Filter>
    </ClCompile>
    <ClCompile Include="Comparers.cpp">
      <Filter>CmpMatrix</Filter>
    </ClCompile>
    <ClCompile Include="FitMatrix.cpp">
      <Filter>CmpMatrix</Filter>
    </ClCompile>
    <ClCompile Include="CmpFitMatrixBuilder.cpp">
      <Filter>CmpMatrix</Filter>
    </ClCompile>
    <ClCompile Include="CoverMatrix.cpp">
      <Filter>CmpMatrix</Filter>
    </ClCompile>
    <ClCompile Include="FeatureSelectorBase.cpp">
      <Filter>FeatureSelection</Filter>
    </ClCompile>
    <ClCompile Include="LazyFeatureSelector.cpp">
      <Filter>FeatureSelection</Filter>
    </ClCompile>
    <ClCompile Include="BinaryClassifierAdaptor.cpp">
      <Filter>BinaryClassifiers</Filter>
    </ClCompile>
    <ClCompile Include="BinaryClassifierVoter.cpp">
      <Filter>Classifiers</Filter>
    </ClCompile>
    <ClCompile Include="BinaryLearnerAdaptor.cpp">
      <Filter>BinaryClassifiers</Filter>
    </ClCompile>
    <ClCompile Include="InitECFeatureSelector.cpp">
      <Filter>FeatureSelection</Filter>
    </ClCompile>
    <ClCompile Include="BinaryECFeatureSelector.cpp">
      <Filter>FeatureSelection</Filter>
    </ClCompile>
    <ClCompile Include="ClassFeatureSelector.cpp">
      <Filter>FeatureSelection</Filter>
    </ClCompile>
    <ClCompile Include="Predictions.cpp">
      <Filter>Dataset</Filter>
    </ClCompile>
  </ItemGroup>
</Project>